
Microsoft Visual Studio Solution File, Format Version 11.00
# Visual Studio 2010
Project("{FAE04EC0-301F-11D3-BF4B-00C04F79EFBC}") = "MagicBook", "Assembly-CSharp.csproj", "{DC59EF67-657C-75C3-4EBE-398A92FD90C6}"
EndProject
Project("{FAE04EC0-301F-11D3-BF4B-00C04F79EFBC}") = "MagicBook", "Assembly-CSharp-Editor.csproj", "{D13FBD9E-778F-494A-FED7-D42C840AAF23}"
EndProject
Global
	GlobalSection(SolutionConfigurationPlatforms) = preSolution
		Debug|Any CPU = Debug|Any CPU
		Release|Any CPU = Release|Any CPU
	EndGlobalSection
	GlobalSection(ProjectConfigurationPlatforms) = postSolution
		{DC59EF67-657C-75C3-4EBE-398A92FD90C6}.Debug|Any CPU.ActiveCfg = Debug|Any CPU
		{DC59EF67-657C-75C3-4EBE-398A92FD90C6}.Debug|Any CPU.Build.0 = Debug|Any CPU
		{DC59EF67-657C-75C3-4EBE-398A92FD90C6}.Release|Any CPU.ActiveCfg = Release|Any CPU
		{DC59EF67-657C-75C3-4EBE-398A92FD90C6}.Release|Any CPU.Build.0 = Release|Any CPU
		{D13FBD9E-778F-494A-FED7-D42C840AAF23}.Debug|Any CPU.ActiveCfg = Debug|Any CPU
		{D13FBD9E-778F-494A-FED7-D42C840AAF23}.Debug|Any CPU.Build.0 = Debug|Any CPU
		{D13FBD9E-778F-494A-FED7-D42C840AAF23}.Release|Any CPU.ActiveCfg = Release|Any CPU
		{D13FBD9E-778F-494A-FED7-D42C840AAF23}.Release|Any CPU.Build.0 = Release|Any CPU
	EndGlobalSection
	GlobalSection(SolutionProperties) = preSolution
		HideSolutionNode = FALSE
	EndGlobalSection
	GlobalSection(MonoDevelopProperties) = preSolution
		StartupItem = Assembly-CSharp.csproj
	EndGlobalSection
EndGlobal
